// !$*UTF8*$!
{
	archiveVersion = 1;
	classes = {
	};
	objectVersion = 46;
	objects = {

/* Begin PBXBuildFile section */
		91635315180D279200B91ACC /* Foundation.framework in Frameworks */ = {isa = PBXBuildFile; fileRef = 91635314180D279200B91ACC /* Foundation.framework */; };
		91635317180D279200B91ACC /* CoreGraphics.framework in Frameworks */ = {isa = PBXBuildFile; fileRef = 91635316180D279200B91ACC /* CoreGraphics.framework */; };
		91635319180D279200B91ACC /* UIKit.framework in Frameworks */ = {isa = PBXBuildFile; fileRef = 91635318180D279200B91ACC /* UIKit.framework */; };
		9163531F180D279200B91ACC /* InfoPlist.strings in Resources */ = {isa = PBXBuildFile; fileRef = 9163531D180D279200B91ACC /* InfoPlist.strings */; };
		91635321180D279200B91ACC /* main.m in Sources */ = {isa = PBXBuildFile; fileRef = 91635320180D279200B91ACC /* main.m */; };
		91635325180D279200B91ACC /* AppDelegate.m in Sources */ = {isa = PBXBuildFile; fileRef = 91635324180D279200B91ACC /* AppDelegate.m */; };
		91635328180D279200B91ACC /* Main.storyboard in Resources */ = {isa = PBXBuildFile; fileRef = 91635326180D279200B91ACC /* Main.storyboard */; };
		9163532B180D279200B91ACC /* ViewController.m in Sources */ = {isa = PBXBuildFile; fileRef = 9163532A180D279200B91ACC /* ViewController.m */; };
		9163532D180D279200B91ACC /* Images.xcassets in Resources */ = {isa = PBXBuildFile; fileRef = 9163532C180D279200B91ACC /* Images.xcassets */; };
		91635334180D279200B91ACC /* XCTest.framework in Frameworks */ = {isa = PBXBuildFile; fileRef = 91635333180D279200B91ACC /* XCTest.framework */; };
		91635335180D279200B91ACC /* Foundation.framework in Frameworks */ = {isa = PBXBuildFile; fileRef = 91635314180D279200B91ACC /* Foundation.framework */; };
		91635336180D279200B91ACC /* UIKit.framework in Frameworks */ = {isa = PBXBuildFile; fileRef = 91635318180D279200B91ACC /* UIKit.framework */; };
		9163533E180D279200B91ACC /* InfoPlist.strings in Resources */ = {isa = PBXBuildFile; fileRef = 9163533C180D279200B91ACC /* InfoPlist.strings */; };
		91635340180D279200B91ACC /* SandBox112Tests.m in Sources */ = {isa = PBXBuildFile; fileRef = 9163533F180D279200B91ACC /* SandBox112Tests.m */; };
/* End PBXBuildFile section */

/* Begin PBXContainerItemProxy section */
		91635337180D279200B91ACC /* PBXContainerItemProxy */ = {
			isa = PBXContainerItemProxy;
			containerPortal = 91635309180D279200B91ACC /* Project object */;
			proxyType = 1;
			remoteGlobalIDString = 91635310180D279200B91ACC;
			remoteInfo = SandBox112;
		};
/* End PBXContainerItemProxy section */

/* Begin PBXFileReference section */
		91635311180D279200B91ACC /* SandBox112.app */ = {isa = PBXFileReference; explicitFileType = wrapper.application; includeInIndex = 0; path = SandBox112.app; sourceTree = BUILT_PRODUCTS_DIR; };
		91635314180D279200B91ACC /* Foundation.framework */ = {isa = PBXFileReference; lastKnownFileType = wrapper.framework; name = Foundation.framework; path = System/Library/Frameworks/Foundation.framework; sourceTree = SDKROOT; };
		91635316180D279200B91ACC /* CoreGraphics.framework */ = {isa = PBXFileReference; lastKnownFileType = wrapper.framework; name = CoreGraphics.framework; path = System/Library/Frameworks/CoreGraphics.framework; sourceTree = SDKROOT; };
		91635318180D279200B91ACC /* UIKit.framework */ = {isa = PBXFileReference; lastKnownFileType = wrapper.framework; name = UIKit.framework; path = System/Library/Frameworks/UIKit.framework; sourceTree = SDKROOT; };
		9163531C180D279200B91ACC /* SandBox112-Info.plist */ = {isa = PBXFileReference; lastKnownFileType = text.plist.xml; path = "SandBox112-Info.plist"; sourceTree = "<group>"; };
		9163531E180D279200B91ACC /* en */ = {isa = PBXFileReference; lastKnownFileType = text.plist.strings; name = en; path = en.lproj/InfoPlist.strings; sourceTree = "<group>"; };
		91635320180D279200B91ACC /* main.m */ = {isa = PBXFileReference; lastKnownFileType = sourcecode.c.objc; path = main.m; sourceTree = "<group>"; };
		91635322180D279200B91ACC /* SandBox112-Prefix.pch */ = {isa = PBXFileReference; lastKnownFileType = sourcecode.c.h; path = "SandBox112-Prefix.pch"; sourceTree = "<group>"; };
		91635323180D279200B91ACC /* AppDelegate.h */ = {isa = PBXFileReference; lastKnownFileType = sourcecode.c.h; path = AppDelegate.h; sourceTree = "<group>"; };
		91635324180D279200B91ACC /* AppDelegate.m */ = {isa = PBXFileReference; lastKnownFileType = sourcecode.c.objc; path = AppDelegate.m; sourceTree = "<group>"; };
		91635327180D279200B91ACC /* Base */ = {isa = PBXFileReference; lastKnownFileType = file.storyboard; name = Base; path = Base.lproj/Main.storyboard; sourceTree = "<group>"; };
		91635329180D279200B91ACC /* ViewController.h */ = {isa = PBXFileReference; lastKnownFileType = sourcecode.c.h; path = ViewController.h; sourceTree = "<group>"; };
		9163532A180D279200B91ACC /* ViewController.m */ = {isa = PBXFileReference; lastKnownFileType = sourcecode.c.objc; path = ViewController.m; sourceTree = "<group>"; };
		9163532C180D279200B91ACC /* Images.xcassets */ = {isa = PBXFileReference; lastKnownFileType = folder.assetcatalog; path = Images.xcassets; sourceTree = "<group>"; };
		91635332180D279200B91ACC /* SandBox112Tests.xctest */ = {isa = PBXFileReference; explicitFileType = wrapper.cfbundle; includeInIndex = 0; path = SandBox112Tests.xctest; sourceTree = BUILT_PRODUCTS_DIR; };
		91635333180D279200B91ACC /* XCTest.framework */ = {isa = PBXFileReference; lastKnownFileType = wrapper.framework; name = XCTest.framework; path = Library/Frameworks/XCTest.framework; sourceTree = DEVELOPER_DIR; };
		9163533B180D279200B91ACC /* SandBox112Tests-Info.plist */ = {isa = PBXFileReference; lastKnownFileType = text.plist.xml; path = "SandBox112Tests-Info.plist"; sourceTree = "<group>"; };
		9163533D180D279200B91ACC /* en */ = {isa = PBXFileReference; lastKnownFileType = text.plist.strings; name = en; path = en.lproj/InfoPlist.strings; sourceTree = "<group>"; };
		9163533F180D279200B91ACC /* SandBox112Tests.m */ = {isa = PBXFileReference; lastKnownFileType = sourcecode.c.objc; path = SandBox112Tests.m; sourceTree = "<group>"; };
/* End PBXFileReference section */

/* Begin PBXFrameworksBuildPhase section */
		9163530E180D279200B91ACC /* Frameworks */ = {
			isa = PBXFrameworksBuildPhase;
			buildActionMask = 2147483647;
			files = (
				91635317180D279200B91ACC /* CoreGraphics.framework in Frameworks */,
				91635319180D279200B91ACC /* UIKit.framework in Frameworks */,
				91635315180D279200B91ACC /* Foundation.framework in Frameworks */,
			);
			runOnlyForDeploymentPostprocessing = 0;
		};
		9163532F180D279200B91ACC /* Frameworks */ = {
			isa = PBXFrameworksBuildPhase;
			buildActionMask = 2147483647;
			files = (
				91635334180D279200B91ACC /* XCTest.framework in Frameworks */,
				91635336180D279200B91ACC /* UIKit.framework in Frameworks */,
				91635335180D279200B91ACC /* Foundation.framework in Frameworks */,
			);
			runOnlyForDeploymentPostprocessing = 0;
		};
/* End PBXFrameworksBuildPhase section */

/* Begin PBXGroup section */
		91635308180D279200B91ACC = {
			isa = PBXGroup;
			children = (
				9163531A180D279200B91ACC /* SandBox112 */,
				91635339180D279200B91ACC /* SandBox112Tests */,
				91635313180D279200B91ACC /* Frameworks */,
				91635312180D279200B91ACC /* Products */,
			);
			sourceTree = "<group>";
		};
		91635312180D279200B91ACC /* Products */ = {
			isa = PBXGroup;
			children = (
				91635311180D279200B91ACC /* SandBox112.app */,
				91635332180D279200B91ACC /* SandBox112Tests.xctest */,
			);
			name = Products;
			sourceTree = "<group>";
		};
		91635313180D279200B91ACC /* Frameworks */ = {
			isa = PBXGroup;
			children = (
				91635314180D279200B91ACC /* Foundation.framework */,
				91635316180D279200B91ACC /* CoreGraphics.framework */,
				91635318180D279200B91ACC /* UIKit.framework */,
				91635333180D279200B91ACC /* XCTest.framework */,
			);
			name = Frameworks;
			sourceTree = "<group>";
		};
		9163531A180D279200B91ACC /* SandBox112 */ = {
			isa = PBXGroup;
			children = (
				91635323180D279200B91ACC /* AppDelegate.h */,
				91635324180D279200B91ACC /* AppDelegate.m */,
				91635326180D279200B91ACC /* Main.storyboard */,
				91635329180D279200B91ACC /* ViewController.h */,
				9163532A180D279200B91ACC /* ViewController.m */,
				9163532C180D279200B91ACC /* Images.xcassets */,
				9163531B180D279200B91ACC /* Supporting Files */,
			);
			path = SandBox112;
			sourceTree = "<group>";
		};
		9163531B180D279200B91ACC /* Supporting Files */ = {
			isa = PBXGroup;
			children = (
				9163531C180D279200B91ACC /* SandBox112-Info.plist */,
				9163531D180D279200B91ACC /* InfoPlist.strings */,
				91635320180D279200B91ACC /* main.m */,
				91635322180D279200B91ACC /* SandBox112-Prefix.pch */,
			);
			name = "Supporting Files";
			sourceTree = "<group>";
		};
		91635339180D279200B91ACC /* SandBox112Tests */ = {
			isa = PBXGroup;
			children = (
				9163533F180D279200B91ACC /* SandBox112Tests.m */,
				9163533A180D279200B91ACC /* Supporting Files */,
			);
			path = SandBox112Tests;
			sourceTree = "<group>";
		};
		9163533A180D279200B91ACC /* Supporting Files */ = {
			isa = PBXGroup;
			children = (
				9163533B180D279200B91ACC /* SandBox112Tests-Info.plist */,
				9163533C180D279200B91ACC /* InfoPlist.strings */,
			);
			name = "Supporting Files";
			sourceTree = "<group>";
		};
/* End PBXGroup section */

/* Begin PBXNativeTarget section */
		91635310180D279200B91ACC /* SandBox112 */ = {
			isa = PBXNativeTarget;
			buildConfigurationList = 91635343180D279200B91ACC /* Build configuration list for PBXNativeTarget "SandBox112" */;
			buildPhases = (
				9163530D180D279200B91ACC /* Sources */,
				9163530E180D279200B91ACC /* Frameworks */,
				9163530F180D279200B91ACC /* Resources */,
			);
			buildRules = (
			);
			dependencies = (
			);
			name = SandBox112;
			productName = SandBox112;
			productReference = 91635311180D279200B91ACC /* SandBox112.app */;
			productType = "com.apple.product-type.application";
		};
		91635331180D279200B91ACC /* SandBox112Tests */ = {
			isa = PBXNativeTarget;
			buildConfigurationList = 91635346180D279200B91ACC /* Build configuration list for PBXNativeTarget "SandBox112Tests" */;
			buildPhases = (
				9163532E180D279200B91ACC /* Sources */,
				9163532F180D279200B91ACC /* Frameworks */,
				91635330180D279200B91ACC /* Resources */,
			);
			buildRules = (
			);
			dependencies = (
				91635338180D279200B91ACC /* PBXTargetDependency */,
			);
			name = SandBox112Tests;
			productName = SandBox112Tests;
			productReference = 91635332180D279200B91ACC /* SandBox112Tests.xctest */;
			productType = "com.apple.product-type.bundle.unit-test";
		};
/* End PBXNativeTarget section */

/* Begin PBXProject section */
		91635309180D279200B91ACC /* Project object */ = {
			isa = PBXProject;
			attributes = {
				LastUpgradeCheck = 0500;
				ORGANIZATIONNAME = "Jeff Chau";
				TargetAttributes = {
					91635331180D279200B91ACC = {
						TestTargetID = 91635310180D279200B91ACC;
					};
				};
			};
			buildConfigurationList = 9163530C180D279200B91ACC /* Build configuration list for PBXProject "SandBox112" */;
			compatibilityVersion = "Xcode 3.2";
			developmentRegion = English;
			hasScannedForEncodings = 0;
			knownRegions = (
				en,
				Base,
			);
			mainGroup = 91635308180D279200B91ACC;
			productRefGroup = 91635312180D279200B91ACC /* Products */;
			projectDirPath = "";
			projectRoot = "";
			targets = (
				91635310180D279200B91ACC /* SandBox112 */,
				91635331180D279200B91ACC /* SandBox112Tests */,
			);
		};
/* End PBXProject section */

/* Begin PBXResourcesBuildPhase section */
		9163530F180D279200B91ACC /* Resources */ = {
			isa = PBXResourcesBuildPhase;
			buildActionMask = 2147483647;
			files = (
				9163532D180D279200B91ACC /* Images.xcassets in Resources */,
				9163531F180D279200B91ACC /* InfoPlist.strings in Resources */,
				91635328180D279200B91ACC /* Main.storyboard in Resources */,
			);
			runOnlyForDeploymentPostprocessing = 0;
		};
		91635330180D279200B91ACC /* Resources */ = {
			isa = PBXResourcesBuildPhase;
			buildActionMask = 2147483647;
			files = (
				9163533E180D279200B91ACC /* InfoPlist.strings in Resources */,
			);
			runOnlyForDeploymentPostprocessing = 0;
		};
/* End PBXResourcesBuildPhase section */

/* Begin PBXSourcesBuildPhase section */
		9163530D180D279200B91ACC /* Sources */ = {
			isa = PBXSourcesBuildPhase;
			buildActionMask = 2147483647;
			files = (
				9163532B180D279200B91ACC /* ViewController.m in Sources */,
				91635325180D279200B91ACC /* AppDelegate.m in Sources */,
				91635321180D279200B91ACC /* main.m in Sources */,
			);
			runOnlyForDeploymentPostprocessing = 0;
		};
		9163532E180D279200B91ACC /* Sources */ = {
			isa = PBXSourcesBuildPhase;
			buildActionMask = 2147483647;
			files = (
				91635340180D279200B91ACC /* SandBox112Tests.m in Sources */,
			);
			runOnlyForDeploymentPostprocessing = 0;
		};
/* End PBXSourcesBuildPhase section */

/* Begin PBXTargetDependency section */
		91635338180D279200B91ACC /* PBXTargetDependency */ = {
			isa = PBXTargetDependency;
			target = 91635310180D279200B91ACC /* SandBox112 */;
			targetProxy = 91635337180D279200B91ACC /* PBXContainerItemProxy */;
		};
/* End PBXTargetDependency section */

/* Begin PBXVariantGroup section */
		9163531D180D279200B91ACC /* InfoPlist.strings */ = {
			isa = PBXVariantGroup;
			children = (
				9163531E180D279200B91ACC /* en */,
			);
			name = InfoPlist.strings;
			sourceTree = "<group>";
		};
		91635326180D279200B91ACC /* Main.storyboard */ = {
			isa = PBXVariantGroup;
			children = (
				91635327180D279200B91ACC /* Base */,
			);
			name = Main.storyboard;
			sourceTree = "<group>";
		};
		9163533C180D279200B91ACC /* InfoPlist.strings */ = {
			isa = PBXVariantGroup;
			children = (
				9163533D180D279200B91ACC /* en */,
			);
			name = InfoPlist.strings;
			sourceTree = "<group>";
		};
/* End PBXVariantGroup section */

/* Begin XCBuildConfiguration section */
		91635341180D279200B91ACC /* Debug */ = {
			isa = XCBuildConfiguration;
			buildSettings = {
				ALWAYS_SEARCH_USER_PATHS = NO;
				ARCHS = "$(ARCHS_STANDARD_INCLUDING_64_BIT)";
				CLANG_CXX_LANGUAGE_STANDARD = "gnu++0x";
				CLANG_CXX_LIBRARY = "libc++";
				CLANG_ENABLE_MODULES = YES;
				CLANG_ENABLE_OBJC_ARC = YES;
				CLANG_WARN_BOOL_CONVERSION = YES;
				CLANG_WARN_CONSTANT_CONVERSION = YES;
				CLANG_WARN_DIRECT_OBJC_ISA_USAGE = YES_ERROR;
				CLANG_WARN_EMPTY_BODY = YES;
				CLANG_WARN_ENUM_CONVERSION = YES;
				CLANG_WARN_INT_CONVERSION = YES;
				CLANG_WARN_OBJC_ROOT_CLASS = YES_ERROR;
				CLANG_WARN__DUPLICATE_METHOD_MATCH = YES;
				"CODE_SIGN_IDENTITY[sdk=iphoneos*]" = "iPhone Developer";
				COPY_PHASE_STRIP = NO;
				GCC_C_LANGUAGE_STANDARD = gnu99;
				GCC_DYNAMIC_NO_PIC = NO;
				GCC_OPTIMIZATION_LEVEL = 0;
				GCC_PREPROCESSOR_DEFINITIONS = (
					"DEBUG=1",
					"$(inherited)",
				);
				GCC_SYMBOLS_PRIVATE_EXTERN = NO;
				GCC_WARN_64_TO_32_BIT_CONVERSION = YES;
				GCC_WARN_ABOUT_RETURN_TYPE = YES_ERROR;
				GCC_WARN_UNDECLARED_SELECTOR = YES;
				GCC_WARN_UNINITIALIZED_AUTOS = YES;
				GCC_WARN_UNUSED_FUNCTION = YES;
				GCC_WARN_UNUSED_VARIABLE = YES;
				IPHONEOS_DEPLOYMENT_TARGET = 7.0;
				ONLY_ACTIVE_ARCH = YES;
				SDKROOT = iphoneos;
			};
			name = Debug;
		};
		91635342180D279200B91ACC /* Release */ = {
			isa = XCBuildConfiguration;
			buildSettings = {
				ALWAYS_SEARCH_USER_PATHS = NO;
				ARCHS = "$(ARCHS_STANDARD_INCLUDING_64_BIT)";
				CLANG_CXX_LANGUAGE_STANDARD = "gnu++0x";
				CLANG_CXX_LIBRARY = "libc++";
				CLANG_ENABLE_MODULES = YES;
				CLANG_ENABLE_OBJC_ARC = YES;
				CLANG_WARN_BOOL_CONVERSION = YES;
				CLANG_WARN_CONSTANT_CONVERSION = YES;
				CLANG_WARN_DIRECT_OBJC_ISA_USAGE = YES_ERROR;
				CLANG_WARN_EMPTY_BODY = YES;
				CLANG_WARN_ENUM_CONVERSION = YES;
				CLANG_WARN_INT_CONVERSION = YES;
				CLANG_WARN_OBJC_ROOT_CLASS = YES_ERROR;
				CLANG_WARN__DUPLICATE_METHOD_MATCH = YES;
				"CODE_SIGN_IDENTITY[sdk=iphoneos*]" = "iPhone Developer";
				COPY_PHASE_STRIP = YES;
				ENABLE_NS_ASSERTIONS = NO;
				GCC_C_LANGUAGE_STANDARD = gnu99;
				GCC_WARN_64_TO_32_BIT_CONVERSION = YES;
				GCC_WARN_ABOUT_RETURN_TYPE = YES_ERROR;
				GCC_WARN_UNDECLARED_SELECTOR = YES;
				GCC_WARN_UNINITIALIZED_AUTOS = YES;
				GCC_WARN_UNUSED_FUNCTION = YES;
				GCC_WARN_UNUSED_VARIABLE = YES;
				IPHONEOS_DEPLOYMENT_TARGET = 7.0;
				SDKROOT = iphoneos;
				VALIDATE_PRODUCT = YES;
			};
			name = Release;
		};
		91635344180D279200B91ACC /* Debug */ = {
			isa = XCBuildConfiguration;
			buildSettings = {
				ASSETCATALOG_COMPILER_APPICON_NAME = AppIcon;
				ASSETCATALOG_COMPILER_LAUNCHIMAGE_NAME = LaunchImage;
				GCC_PRECOMPILE_PREFIX_HEADER = YES;
				GCC_PREFIX_HEADER = "SandBox112/SandBox112-Prefix.pch";
				INFOPLIST_FILE = "SandBox112/SandBox112-Info.plist";
				PRODUCT_NAME = "$(TARGET_NAME)";
				WRAPPER_EXTENSION = app;
			};
			name = Debug;
		};
		91635345180D279200B91ACC /* Release */ = {
			isa = XCBuildConfiguration;
			buildSettings = {
				ASSETCATALOG_COMPILER_APPICON_NAME = AppIcon;
				ASSETCATALOG_COMPILER_LAUNCHIMAGE_NAME = LaunchImage;
				GCC_PRECOMPILE_PREFIX_HEADER = YES;
				GCC_PREFIX_HEADER = "SandBox112/SandBox112-Prefix.pch";
				INFOPLIST_FILE = "SandBox112/SandBox112-Info.plist";
				PRODUCT_NAME = "$(TARGET_NAME)";
				WRAPPER_EXTENSION = app;
			};
			name = Release;
		};
		91635347180D279200B91ACC /* Debug */ = {
			isa = XCBuildConfiguration;
			buildSettings = {
				ARCHS = "$(ARCHS_STANDARD_INCLUDING_64_BIT)";
				BUNDLE_LOADER = "$(BUILT_PRODUCTS_DIR)/SandBox112.app/SandBox112";
				FRAMEWORK_SEARCH_PATHS = (
					"$(SDKROOT)/Developer/Library/Frameworks",
					"$(inherited)",
					"$(DEVELOPER_FRAMEWORKS_DIR)",
				);
				GCC_PRECOMPILE_PREFIX_HEADER = YES;
				GCC_PREFIX_HEADER = "SandBox112/SandBox112-Prefix.pch";
				GCC_PREPROCESSOR_DEFINITIONS = (
					"DEBUG=1",
					"$(inherited)",
				);
				INFOPLIST_FILE = "SandBox112Tests/SandBox112Tests-Info.plist";
				PRODUCT_NAME = "$(TARGET_NAME)";
				TEST_HOST = "$(BUNDLE_LOADER)";
				WRAPPER_EXTENSION = xctest;
			};
			name = Debug;
		};
		91635348180D279200B91ACC /* Release */ = {
			isa = XCBuildConfiguration;
			buildSettings = {
				ARCHS = "$(ARCHS_STANDARD_INCLUDING_64_BIT)";
				BUNDLE_LOADER = "$(BUILT_PRODUCTS_DIR)/SandBox112.app/SandBox112";
				FRAMEWORK_SEARCH_PATHS = (
					"$(SDKROOT)/Developer/Library/Frameworks",
					"$(inherited)",
					"$(DEVELOPER_FRAMEWORKS_DIR)",
				);
				GCC_PRECOMPILE_PREFIX_HEADER = YES;
				GCC_PREFIX_HEADER = "SandBox112/SandBox112-Prefix.pch";
				INFOPLIST_FILE = "SandBox112Tests/SandBox112Tests-Info.plist";
				PRODUCT_NAME = "$(TARGET_NAME)";
				TEST_HOST = "$(BUNDLE_LOADER)";
				WRAPPER_EXTENSION = xctest;
			};
			name = Release;
		};
/* End XCBuildConfiguration section */

/* Begin XCConfigurationList section */
		9163530C180D279200B91ACC /* Build configuration list for PBXProject "SandBox112" */ = {
			isa = XCConfigurationList;
			buildConfigurations = (
				91635341180D279200B91ACC /* Debug */,
				91635342180D279200B91ACC /* Release */,
			);
			defaultConfigurationIsVisible = 0;
			defaultConfigurationName = Release;
		};
		91635343180D279200B91ACC /* Build configuration list for PBXNativeTarget "SandBox112" */ = {
			isa = XCConfigurationList;
			buildConfigurations = (
				91635344180D279200B91ACC /* Debug */,
				91635345180D279200B91ACC /* Release */,
			);
			defaultConfigurationIsVisible = 0;
		};
		91635346180D279200B91ACC /* Build configuration list for PBXNativeTarget "SandBox112Tests" */ = {
			isa = XCConfigurationList;
			buildConfigurations = (
				91635347180D279200B91ACC /* Debug */,
				91635348180D279200B91ACC /* Release */,
			);
			defaultConfigurationIsVisible = 0;
		};
/* End XCConfigurationList section */
	};
	rootObject = 91635309180D279200B91ACC /* Project object */;
}
